
Microsoft Visual Studio Solution File, Format Version 12.00
# Visual Studio 15
Project("{FAE04EC0-301F-11D3-BF4B-00C04F79EFBC}") = "UnityLua", "UnityLua.csproj", "{A34B2E0E-9A65-E2C4-A550-DB5EC3239FB7}"
EndProject
Project("{FAE04EC0-301F-11D3-BF4B-00C04F79EFBC}") = "UnityLua.Editor", "UnityLua.Editor.csproj", "{405520A0-C245-FC61-618F-DDD996836689}"
EndProject
Global
	GlobalSection(SolutionConfigurationPlatforms) = preSolution
		Debug|Any CPU = Debug|Any CPU
		Release|Any CPU = Release|Any CPU
	EndGlobalSection
	GlobalSection(ProjectConfigurationPlatforms) = postSolution
		{A34B2E0E-9A65-E2C4-A550-DB5EC3239FB7}.Debug|Any CPU.ActiveCfg = Debug|Any CPU
		{A34B2E0E-9A65-E2C4-A550-DB5EC3239FB7}.Debug|Any CPU.Build.0 = Debug|Any CPU
		{A34B2E0E-9A65-E2C4-A550-DB5EC3239FB7}.Release|Any CPU.ActiveCfg = Release|Any CPU
		{A34B2E0E-9A65-E2C4-A550-DB5EC3239FB7}.Release|Any CPU.Build.0 = Release|Any CPU
		{405520A0-C245-FC61-618F-DDD996836689}.Debug|Any CPU.ActiveCfg = Debug|Any CPU
		{405520A0-C245-FC61-618F-DDD996836689}.Debug|Any CPU.Build.0 = Debug|Any CPU
		{405520A0-C245-FC61-618F-DDD996836689}.Release|Any CPU.ActiveCfg = Release|Any CPU
		{405520A0-C245-FC61-618F-DDD996836689}.Release|Any CPU.Build.0 = Release|Any CPU
	EndGlobalSection
	GlobalSection(SolutionProperties) = preSolution
		HideSolutionNode = FALSE
	EndGlobalSection
EndGlobal
